Microsoft Visual Studio Solution File, Format Version 11.00
# Visual Studio 2008

Project("{F43D7248-6CF0-1C48-7BB2-46753B13CAB9}") = "CGFinalProject", "Assembly-CSharp.csproj", "{9FCB29AF-C543-5E4C-EABC-54EFD623BB8E}"
EndProject
Global
	GlobalSection(SolutionConfigurationPlatforms) = preSolution
		Debug|Any CPU = Debug|Any CPU
		Release|Any CPU = Release|Any CPU
	EndGlobalSection
	GlobalSection(ProjectConfigurationPlatforms) = postSolution
		{9FCB29AF-C543-5E4C-EABC-54EFD623BB8E}.Debug|Any CPU.ActiveCfg = Debug|Any CPU
		{9FCB29AF-C543-5E4C-EABC-54EFD623BB8E}.Debug|Any CPU.Build.0 = Debug|Any CPU
		{9FCB29AF-C543-5E4C-EABC-54EFD623BB8E}.Release|Any CPU.ActiveCfg = Release|Any CPU
		{9FCB29AF-C543-5E4C-EABC-54EFD623BB8E}.Release|Any CPU.Build.0 = Release|Any CPU
	EndGlobalSection
	GlobalSection(SolutionProperties) = preSolution
		HideSolutionNode = FALSE
	EndGlobalSection
	GlobalSection(MonoDevelopProperties) = preSolution
		StartupItem = Assembly-CSharp.csproj
	EndGlobalSection
EndGlobal
